// !$*UTF8*$!
{
	archiveVersion = 1;
	classes = {
	};
	objectVersion = 50;
	objects = {

/* Begin PBXBuildFile section */
		430C4D8D20B9B7B30085F9C3 /* loginExtension.swift in Sources */ = {isa = PBXBuildFile; fileRef = 430C4D8C20B9B7B30085F9C3 /* loginExtension.swift */; };
		435D054420B1DFE30073BF4D /* GCDBlackBox.swift in Sources */ = {isa = PBXBuildFile; fileRef = 435D054320B1DFE30073BF4D /* GCDBlackBox.swift */; };
		43CB86F620AA556A00D63038 /* AppDelegate.swift in Sources */ = {isa = PBXBuildFile; fileRef = 43CB86F520AA556A00D63038 /* AppDelegate.swift */; };
		43CB86F820AA556A00D63038 /* LoginController.swift in Sources */ = {isa = PBXBuildFile; fileRef = 43CB86F720AA556A00D63038 /* LoginController.swift */; };
		43CB86FB20AA556A00D63038 /* Main.storyboard in Resources */ = {isa = PBXBuildFile; fileRef = 43CB86F920AA556A00D63038 /* Main.storyboard */; };
		43CB86FD20AA556C00D63038 /* Assets.xcassets in Resources */ = {isa = PBXBuildFile; fileRef = 43CB86FC20AA556C00D63038 /* Assets.xcassets */; };
		43CB870020AA556C00D63038 /* LaunchScreen.storyboard in Resources */ = {isa = PBXBuildFile; fileRef = 43CB86FE20AA556C00D63038 /* LaunchScreen.storyboard */; };
		43CB870B20AA556D00D63038 /* MapMeTests.swift in Sources */ = {isa = PBXBuildFile; fileRef = 43CB870A20AA556D00D63038 /* MapMeTests.swift */; };
		43CB871620AA556D00D63038 /* MapMeUITests.swift in Sources */ = {isa = PBXBuildFile; fileRef = 43CB871520AA556D00D63038 /* MapMeUITests.swift */; };
		43CB872720AA5AAA00D63038 /* MapViewController.swift in Sources */ = {isa = PBXBuildFile; fileRef = 43CB872620AA5AAA00D63038 /* MapViewController.swift */; };
		43CB872920AA5C7100D63038 /* ListViewController.swift in Sources */ = {isa = PBXBuildFile; fileRef = 43CB872820AA5C7100D63038 /* ListViewController.swift */; };
		43CB872C20AA624600D63038 /* UdacityClient.swift in Sources */ = {isa = PBXBuildFile; fileRef = 43CB872B20AA624600D63038 /* UdacityClient.swift */; };
		43CB874E20B084AA00D63038 /* ParseClient.swift in Sources */ = {isa = PBXBuildFile; fileRef = 43CB874D20B084AA00D63038 /* ParseClient.swift */; };
		43CB875320B0865900D63038 /* ParseConstants.swift in Sources */ = {isa = PBXBuildFile; fileRef = 43CB875220B0865900D63038 /* ParseConstants.swift */; };
		43CB875A20B08F5900D63038 /* UdacityConstants.swift in Sources */ = {isa = PBXBuildFile; fileRef = 43CB875920B08F5900D63038 /* UdacityConstants.swift */; };
		43CB875E20B0A61000D63038 /* alogonew.png in Resources */ = {isa = PBXBuildFile; fileRef = 43CB875D20B0A61000D63038 /* alogonew.png */; };
		43CB876020B0B25300D63038 /* UdacityConvenience.swift in Sources */ = {isa = PBXBuildFile; fileRef = 43CB875F20B0B25300D63038 /* UdacityConvenience.swift */; };
		43CB876220B0BB7400D63038 /* StudentLocation.swift in Sources */ = {isa = PBXBuildFile; fileRef = 43CB876120B0BB7400D63038 /* StudentLocation.swift */; };
/* End PBXBuildFile section */

/* Begin PBXContainerItemProxy section */
		43CB870720AA556D00D63038 /* PBXContainerItemProxy */ = {
			isa = PBXContainerItemProxy;
			containerPortal = 43CB86EA20AA556A00D63038 /* Project object */;
			proxyType = 1;
			remoteGlobalIDString = 43CB86F120AA556A00D63038;
			remoteInfo = MapMe;
		};
		43CB871220AA556D00D63038 /* PBXContainerItemProxy */ = {
			isa = PBXContainerItemProxy;
			containerPortal = 43CB86EA20AA556A00D63038 /* Project object */;
			proxyType = 1;
			remoteGlobalIDString = 43CB86F120AA556A00D63038;
			remoteInfo = MapMe;
		};
/* End PBXContainerItemProxy section */

/* Begin PBXFileReference section */
		430C4D8C20B9B7B30085F9C3 /* loginExtension.swift */ = {isa = PBXFileReference; lastKnownFileType = sourcecode.swift; path = loginExtension.swift; sourceTree = "<group>"; };
		435D054320B1DFE30073BF4D /* GCDBlackBox.swift */ = {isa = PBXFileReference; lastKnownFileType = sourcecode.swift; path = GCDBlackBox.swift; sourceTree = "<group>"; };
		43CB86F220AA556A00D63038 /* MapMe.app */ = {isa = PBXFileReference; explicitFileType = wrapper.application; includeInIndex = 0; path = MapMe.app; sourceTree = BUILT_PRODUCTS_DIR; };
		43CB86F520AA556A00D63038 /* AppDelegate.swift */ = {isa = PBXFileReference; lastKnownFileType = sourcecode.swift; path = AppDelegate.swift; sourceTree = "<group>"; };
		43CB86F720AA556A00D63038 /* LoginController.swift */ = {isa = PBXFileReference; lastKnownFileType = sourcecode.swift; path = LoginController.swift; sourceTree = "<group>"; };
		43CB86FA20AA556A00D63038 /* Base */ = {isa = PBXFileReference; lastKnownFileType = file.storyboard; name = Base; path = Base.lproj/Main.storyboard; sourceTree = "<group>"; };
		43CB86FC20AA556C00D63038 /* Assets.xcassets */ = {isa = PBXFileReference; lastKnownFileType = folder.assetcatalog; path = Assets.xcassets; sourceTree = "<group>"; };
		43CB86FF20AA556C00D63038 /* Base */ = {isa = PBXFileReference; lastKnownFileType = file.storyboard; name = Base; path = Base.lproj/LaunchScreen.storyboard; sourceTree = "<group>"; };
		43CB870120AA556C00D63038 /* Info.plist */ = {isa = PBXFileReference; lastKnownFileType = text.plist.xml; path = Info.plist; sourceTree = "<group>"; };
		43CB870620AA556D00D63038 /* MapMeTests.xctest */ = {isa = PBXFileReference; explicitFileType = wrapper.cfbundle; includeInIndex = 0; path = MapMeTests.xctest; sourceTree = BUILT_PRODUCTS_DIR; };
		43CB870A20AA556D00D63038 /* MapMeTests.swift */ = {isa = PBXFileReference; lastKnownFileType = sourcecode.swift; path = MapMeTests.swift; sourceTree = "<group>"; };
		43CB870C20AA556D00D63038 /* Info.plist */ = {isa = PBXFileReference; lastKnownFileType = text.plist.xml; path = Info.plist; sourceTree = "<group>"; };
		43CB871120AA556D00D63038 /* MapMeUITests.xctest */ = {isa = PBXFileReference; explicitFileType = wrapper.cfbundle; includeInIndex = 0; path = MapMeUITests.xctest; sourceTree = BUILT_PRODUCTS_DIR; };
		43CB871520AA556D00D63038 /* MapMeUITests.swift */ = {isa = PBXFileReference; lastKnownFileType = sourcecode.swift; path = MapMeUITests.swift; sourceTree = "<group>"; };
		43CB871720AA556D00D63038 /* Info.plist */ = {isa = PBXFileReference; lastKnownFileType = text.plist.xml; path = Info.plist; sourceTree = "<group>"; };
		43CB872620AA5AAA00D63038 /* MapViewController.swift */ = {isa = PBXFileReference; lastKnownFileType = sourcecode.swift; path = MapViewController.swift; sourceTree = "<group>"; };
		43CB872820AA5C7100D63038 /* ListViewController.swift */ = {isa = PBXFileReference; lastKnownFileType = sourcecode.swift; path = ListViewController.swift; sourceTree = "<group>"; };
		43CB872B20AA624600D63038 /* UdacityClient.swift */ = {isa = PBXFileReference; lastKnownFileType = sourcecode.swift; path = UdacityClient.swift; sourceTree = "<group>"; };
		43CB874D20B084AA00D63038 /* ParseClient.swift */ = {isa = PBXFileReference; lastKnownFileType = sourcecode.swift; path = ParseClient.swift; sourceTree = "<group>"; };
		43CB875220B0865900D63038 /* ParseConstants.swift */ = {isa = PBXFileReference; lastKnownFileType = sourcecode.swift; path = ParseConstants.swift; sourceTree = "<group>"; };
		43CB875920B08F5900D63038 /* UdacityConstants.swift */ = {isa = PBXFileReference; lastKnownFileType = sourcecode.swift; path = UdacityConstants.swift; sourceTree = "<group>"; };
		43CB875D20B0A61000D63038 /* alogonew.png */ = {isa = PBXFileReference; lastKnownFileType = image.png; path = alogonew.png; sourceTree = "<group>"; };
		43CB875F20B0B25300D63038 /* UdacityConvenience.swift */ = {isa = PBXFileReference; lastKnownFileType = sourcecode.swift; path = UdacityConvenience.swift; sourceTree = "<group>"; };
		43CB876120B0BB7400D63038 /* StudentLocation.swift */ = {isa = PBXFileReference; lastKnownFileType = sourcecode.swift; path = StudentLocation.swift; sourceTree = "<group>"; };
/* End PBXFileReference section */

/* Begin PBXFrameworksBuildPhase section */
		43CB86EF20AA556A00D63038 /* Frameworks */ = {
			isa = PBXFrameworksBuildPhase;
			buildActionMask = 2147483647;
			files = (
			);
			runOnlyForDeploymentPostprocessing = 0;
		};
		43CB870320AA556D00D63038 /* Frameworks */ = {
			isa = PBXFrameworksBuildPhase;
			buildActionMask = 2147483647;
			files = (
			);
			runOnlyForDeploymentPostprocessing = 0;
		};
		43CB870E20AA556D00D63038 /* Frameworks */ = {
			isa = PBXFrameworksBuildPhase;
			buildActionMask = 2147483647;
			files = (
			);
			runOnlyForDeploymentPostprocessing = 0;
		};
/* End PBXFrameworksBuildPhase section */

/* Begin PBXGroup section */
		430C4D8E20B9B7B70085F9C3 /* extensions */ = {
			isa = PBXGroup;
			children = (
				430C4D8C20B9B7B30085F9C3 /* loginExtension.swift */,
			);
			path = extensions;
			sourceTree = "<group>";
		};
		43CB86E920AA556A00D63038 = {
			isa = PBXGroup;
			children = (
				43CB86F420AA556A00D63038 /* MapMe */,
				43CB870920AA556D00D63038 /* MapMeTests */,
				43CB871420AA556D00D63038 /* MapMeUITests */,
				43CB86F320AA556A00D63038 /* Products */,
			);
			sourceTree = "<group>";
		};
		43CB86F320AA556A00D63038 /* Products */ = {
			isa = PBXGroup;
			children = (
				43CB86F220AA556A00D63038 /* MapMe.app */,
				43CB870620AA556D00D63038 /* MapMeTests.xctest */,
				43CB871120AA556D00D63038 /* MapMeUITests.xctest */,
			);
			name = Products;
			sourceTree = "<group>";
		};
		43CB86F420AA556A00D63038 /* MapMe */ = {
			isa = PBXGroup;
			children = (
				43CB870120AA556C00D63038 /* Info.plist */,
				43CB872A20AA5EC600D63038 /* Assets */,
				43CB872320AA55EA00D63038 /* Model */,
				43CB872520AA562600D63038 /* Controller */,
				43CB872420AA560600D63038 /* View */,
			);
			path = MapMe;
			sourceTree = "<group>";
		};
		43CB870920AA556D00D63038 /* MapMeTests */ = {
			isa = PBXGroup;
			children = (
				43CB870A20AA556D00D63038 /* MapMeTests.swift */,
				43CB870C20AA556D00D63038 /* Info.plist */,
			);
			path = MapMeTests;
			sourceTree = "<group>";
		};
		43CB871420AA556D00D63038 /* MapMeUITests */ = {
			isa = PBXGroup;
			children = (
				43CB871520AA556D00D63038 /* MapMeUITests.swift */,
				43CB871720AA556D00D63038 /* Info.plist */,
			);
			path = MapMeUITests;
			sourceTree = "<group>";
		};
		43CB872320AA55EA00D63038 /* Model */ = {
			isa = PBXGroup;
			children = (
				43CB86F520AA556A00D63038 /* AppDelegate.swift */,
				43CB876120B0BB7400D63038 /* StudentLocation.swift */,
				435D054320B1DFE30073BF4D /* GCDBlackBox.swift */,
				43CB872D20AA624A00D63038 /* Clients */,
			);
			path = Model;
			sourceTree = "<group>";
		};
		43CB872420AA560600D63038 /* View */ = {
			isa = PBXGroup;
			children = (
				43CB86F920AA556A00D63038 /* Main.storyboard */,
			);
			path = View;
			sourceTree = "<group>";
		};
		43CB872520AA562600D63038 /* Controller */ = {
			isa = PBXGroup;
			children = (
				43CB86F720AA556A00D63038 /* LoginController.swift */,
				430C4D8E20B9B7B70085F9C3 /* extensions */,
				43CB872620AA5AAA00D63038 /* MapViewController.swift */,
				43CB872820AA5C7100D63038 /* ListViewController.swift */,
			);
			path = Controller;
			sourceTree = "<group>";
		};
		43CB872A20AA5EC600D63038 /* Assets */ = {
			isa = PBXGroup;
			children = (
				43CB875420B08D8100D63038 /* images */,
				43CB86FC20AA556C00D63038 /* Assets.xcassets */,
				43CB86FE20AA556C00D63038 /* LaunchScreen.storyboard */,
			);
			path = Assets;
			sourceTree = "<group>";
		};
		43CB872D20AA624A00D63038 /* Clients */ = {
			isa = PBXGroup;
			children = (
				43CB875120B085A500D63038 /* Udacity */,
				43CB875020B0859C00D63038 /* Parse */,
			);
			path = Clients;
			sourceTree = "<group>";
		};
		43CB875020B0859C00D63038 /* Parse */ = {
			isa = PBXGroup;
			children = (
				43CB874D20B084AA00D63038 /* ParseClient.swift */,
				43CB875220B0865900D63038 /* ParseConstants.swift */,
			);
			path = Parse;
			sourceTree = "<group>";
		};
		43CB875120B085A500D63038 /* Udacity */ = {
			isa = PBXGroup;
			children = (
				43CB872B20AA624600D63038 /* UdacityClient.swift */,
				43CB875F20B0B25300D63038 /* UdacityConvenience.swift */,
				43CB875920B08F5900D63038 /* UdacityConstants.swift */,
			);
			path = Udacity;
			sourceTree = "<group>";
		};
		43CB875420B08D8100D63038 /* images */ = {
			isa = PBXGroup;
			children = (
				43CB875D20B0A61000D63038 /* alogonew.png */,
			);
			path = images;
			sourceTree = "<group>";
		};
/* End PBXGroup section */

/* Begin PBXNativeTarget section */
		43CB86F120AA556A00D63038 /* MapMe */ = {
			isa = PBXNativeTarget;
			buildConfigurationList = 43CB871A20AA556D00D63038 /* Build configuration list for PBXNativeTarget "MapMe" */;
			buildPhases = (
				43CB86EE20AA556A00D63038 /* Sources */,
				43CB86EF20AA556A00D63038 /* Frameworks */,
				43CB86F020AA556A00D63038 /* Resources */,
			);
			buildRules = (
			);
			dependencies = (
			);
			name = MapMe;
			productName = MapMe;
			productReference = 43CB86F220AA556A00D63038 /* MapMe.app */;
			productType = "com.apple.product-type.application";
		};
		43CB870520AA556D00D63038 /* MapMeTests */ = {
			isa = PBXNativeTarget;
			buildConfigurationList = 43CB871D20AA556D00D63038 /* Build configuration list for PBXNativeTarget "MapMeTests" */;
			buildPhases = (
				43CB870220AA556D00D63038 /* Sources */,
				43CB870320AA556D00D63038 /* Frameworks */,
				43CB870420AA556D00D63038 /* Resources */,
			);
			buildRules = (
			);
			dependencies = (
				43CB870820AA556D00D63038 /* PBXTargetDependency */,
			);
			name = MapMeTests;
			productName = MapMeTests;
			productReference = 43CB870620AA556D00D63038 /* MapMeTests.xctest */;
			productType = "com.apple.product-type.bundle.unit-test";
		};
		43CB871020AA556D00D63038 /* MapMeUITests */ = {
			isa = PBXNativeTarget;
			buildConfigurationList = 43CB872020AA556D00D63038 /* Build configuration list for PBXNativeTarget "MapMeUITests" */;
			buildPhases = (
				43CB870D20AA556D00D63038 /* Sources */,
				43CB870E20AA556D00D63038 /* Frameworks */,
				43CB870F20AA556D00D63038 /* Resources */,
			);
			buildRules = (
			);
			dependencies = (
				43CB871320AA556D00D63038 /* PBXTargetDependency */,
			);
			name = MapMeUITests;
			productName = MapMeUITests;
			productReference = 43CB871120AA556D00D63038 /* MapMeUITests.xctest */;
			productType = "com.apple.product-type.bundle.ui-testing";
		};
/* End PBXNativeTarget section */

/* Begin PBXProject section */
		43CB86EA20AA556A00D63038 /* Project object */ = {
			isa = PBXProject;
			attributes = {
				LastSwiftUpdateCheck = 0930;
				LastUpgradeCheck = 0930;
				ORGANIZATIONNAME = "Andrew Llewellyn";
				TargetAttributes = {
					43CB86F120AA556A00D63038 = {
						CreatedOnToolsVersion = 9.3.1;
					};
					43CB870520AA556D00D63038 = {
						CreatedOnToolsVersion = 9.3.1;
						TestTargetID = 43CB86F120AA556A00D63038;
					};
					43CB871020AA556D00D63038 = {
						CreatedOnToolsVersion = 9.3.1;
						TestTargetID = 43CB86F120AA556A00D63038;
					};
				};
			};
			buildConfigurationList = 43CB86ED20AA556A00D63038 /* Build configuration list for PBXProject "MapMe" */;
			compatibilityVersion = "Xcode 9.3";
			developmentRegion = en;
			hasScannedForEncodings = 0;
			knownRegions = (
				en,
				Base,
			);
			mainGroup = 43CB86E920AA556A00D63038;
			productRefGroup = 43CB86F320AA556A00D63038 /* Products */;
			projectDirPath = "";
			projectRoot = "";
			targets = (
				43CB86F120AA556A00D63038 /* MapMe */,
				43CB870520AA556D00D63038 /* MapMeTests */,
				43CB871020AA556D00D63038 /* MapMeUITests */,
			);
		};
/* End PBXProject section */

/* Begin PBXResourcesBuildPhase section */
		43CB86F020AA556A00D63038 /* Resources */ = {
			isa = PBXResourcesBuildPhase;
			buildActionMask = 2147483647;
			files = (
				43CB870020AA556C00D63038 /* LaunchScreen.storyboard in Resources */,
				43CB86FD20AA556C00D63038 /* Assets.xcassets in Resources */,
				43CB86FB20AA556A00D63038 /* Main.storyboard in Resources */,
				43CB875E20B0A61000D63038 /* alogonew.png in Resources */,
			);
			runOnlyForDeploymentPostprocessing = 0;
		};
		43CB870420AA556D00D63038 /* Resources */ = {
			isa = PBXResourcesBuildPhase;
			buildActionMask = 2147483647;
			files = (
			);
			runOnlyForDeploymentPostprocessing = 0;
		};
		43CB870F20AA556D00D63038 /* Resources */ = {
			isa = PBXResourcesBuildPhase;
			buildActionMask = 2147483647;
			files = (
			);
			runOnlyForDeploymentPostprocessing = 0;
		};
/* End PBXResourcesBuildPhase section */

/* Begin PBXSourcesBuildPhase section */
		43CB86EE20AA556A00D63038 /* Sources */ = {
			isa = PBXSourcesBuildPhase;
			buildActionMask = 2147483647;
			files = (
				43CB876220B0BB7400D63038 /* StudentLocation.swift in Sources */,
				43CB875A20B08F5900D63038 /* UdacityConstants.swift in Sources */,
				43CB872920AA5C7100D63038 /* ListViewController.swift in Sources */,
				435D054420B1DFE30073BF4D /* GCDBlackBox.swift in Sources */,
				43CB874E20B084AA00D63038 /* ParseClient.swift in Sources */,
				43CB86F820AA556A00D63038 /* LoginController.swift in Sources */,
				43CB875320B0865900D63038 /* ParseConstants.swift in Sources */,
				43CB876020B0B25300D63038 /* UdacityConvenience.swift in Sources */,
				43CB872720AA5AAA00D63038 /* MapViewController.swift in Sources */,
				430C4D8D20B9B7B30085F9C3 /* loginExtension.swift in Sources */,
				43CB86F620AA556A00D63038 /* AppDelegate.swift in Sources */,
				43CB872C20AA624600D63038 /* UdacityClient.swift in Sources */,
			);
			runOnlyForDeploymentPostprocessing = 0;
		};
		43CB870220AA556D00D63038 /* Sources */ = {
			isa = PBXSourcesBuildPhase;
			buildActionMask = 2147483647;
			files = (
				43CB870B20AA556D00D63038 /* MapMeTests.swift in Sources */,
			);
			runOnlyForDeploymentPostprocessing = 0;
		};
		43CB870D20AA556D00D63038 /* Sources */ = {
			isa = PBXSourcesBuildPhase;
			buildActionMask = 2147483647;
			files = (
				43CB871620AA556D00D63038 /* MapMeUITests.swift in Sources */,
			);
			runOnlyForDeploymentPostprocessing = 0;
		};
/* End PBXSourcesBuildPhase section */

/* Begin PBXTargetDependency section */
		43CB870820AA556D00D63038 /* PBXTargetDependency */ = {
			isa = PBXTargetDependency;
			target = 43CB86F120AA556A00D63038 /* MapMe */;
			targetProxy = 43CB870720AA556D00D63038 /* PBXContainerItemProxy */;
		};
		43CB871320AA556D00D63038 /* PBXTargetDependency */ = {
			isa = PBXTargetDependency;
			target = 43CB86F120AA556A00D63038 /* MapMe */;
			targetProxy = 43CB871220AA556D00D63038 /* PBXContainerItemProxy */;
		};
/* End PBXTargetDependency section */

/* Begin PBXVariantGroup section */
		43CB86F920AA556A00D63038 /* Main.storyboard */ = {
			isa = PBXVariantGroup;
			children = (
				43CB86FA20AA556A00D63038 /* Base */,
			);
			name = Main.storyboard;
			sourceTree = "<group>";
		};
		43CB86FE20AA556C00D63038 /* LaunchScreen.storyboard */ = {
			isa = PBXVariantGroup;
			children = (
				43CB86FF20AA556C00D63038 /* Base */,
			);
			name = LaunchScreen.storyboard;
			sourceTree = "<group>";
		};
/* End PBXVariantGroup section */

/* Begin XCBuildConfiguration section */
		43CB871820AA556D00D63038 /* Debug */ = {
			isa = XCBuildConfiguration;
			buildSettings = {
				ALWAYS_SEARCH_USER_PATHS = NO;
				CLANG_ANALYZER_NONNULL = YES;
				CLANG_ANALYZER_NUMBER_OBJECT_CONVERSION = YES_AGGRESSIVE;
				CLANG_CXX_LANGUAGE_STANDARD = "gnu++14";
				CLANG_CXX_LIBRARY = "libc++";
				CLANG_ENABLE_MODULES = YES;
				CLANG_ENABLE_OBJC_ARC = YES;
				CLANG_ENABLE_OBJC_WEAK = YES;
				CLANG_WARN_BLOCK_CAPTURE_AUTORELEASING = YES;
				CLANG_WARN_BOOL_CONVERSION = YES;
				CLANG_WARN_COMMA = YES;
				CLANG_WARN_CONSTANT_CONVERSION = YES;
				CLANG_WARN_DEPRECATED_OBJC_IMPLEMENTATIONS = YES;
				CLANG_WARN_DIRECT_OBJC_ISA_USAGE = YES_ERROR;
				CLANG_WARN_DOCUMENTATION_COMMENTS = YES;
				CLANG_WARN_EMPTY_BODY = YES;
				CLANG_WARN_ENUM_CONVERSION = YES;
				CLANG_WARN_INFINITE_RECURSION = YES;
				CLANG_WARN_INT_CONVERSION = YES;
				CLANG_WARN_NON_LITERAL_NULL_CONVERSION = YES;
				CLANG_WARN_OBJC_IMPLICIT_RETAIN_SELF = YES;
				CLANG_WARN_OBJC_LITERAL_CONVERSION = YES;
				CLANG_WARN_OBJC_ROOT_CLASS = YES_ERROR;
				CLANG_WARN_RANGE_LOOP_ANALYSIS = YES;
				CLANG_WARN_STRICT_PROTOTYPES = YES;
				CLANG_WARN_SUSPICIOUS_MOVE = YES;
				CLANG_WARN_UNGUARDED_AVAILABILITY = YES_AGGRESSIVE;
				CLANG_WARN_UNREACHABLE_CODE = YES;
				CLANG_WARN__DUPLICATE_METHOD_MATCH = YES;
				CODE_SIGN_IDENTITY = "iPhone Developer";
				COPY_PHASE_STRIP = NO;
				DEBUG_INFORMATION_FORMAT = dwarf;
				ENABLE_STRICT_OBJC_MSGSEND = YES;
				ENABLE_TESTABILITY = YES;
				GCC_C_LANGUAGE_STANDARD = gnu11;
				GCC_DYNAMIC_NO_PIC = NO;
				GCC_NO_COMMON_BLOCKS = YES;
				GCC_OPTIMIZATION_LEVEL = 0;
				GCC_PREPROCESSOR_DEFINITIONS = (
					"DEBUG=1",
					"$(inherited)",
				);
				GCC_WARN_64_TO_32_BIT_CONVERSION = YES;
				GCC_WARN_ABOUT_RETURN_TYPE = YES_ERROR;
				GCC_WARN_UNDECLARED_SELECTOR = YES;
				GCC_WARN_UNINITIALIZED_AUTOS = YES_AGGRESSIVE;
				GCC_WARN_UNUSED_FUNCTION = YES;
				GCC_WARN_UNUSED_VARIABLE = YES;
				IPHONEOS_DEPLOYMENT_TARGET = 11.3;
				MTL_ENABLE_DEBUG_INFO = YES;
				ONLY_ACTIVE_ARCH = YES;
				SDKROOT = iphoneos;
				SWIFT_ACTIVE_COMPILATION_CONDITIONS = DEBUG;
				SWIFT_OPTIMIZATION_LEVEL = "-Onone";
			};
			name = Debug;
		};
		43CB871920AA556D00D63038 /* Release */ = {
			isa = XCBuildConfiguration;
			buildSettings = {
				ALWAYS_SEARCH_USER_PATHS = NO;
				CLANG_ANALYZER_NONNULL = YES;
				CLANG_ANALYZER_NUMBER_OBJECT_CONVERSION = YES_AGGRESSIVE;
				CLANG_CXX_LANGUAGE_STANDARD = "gnu++14";
				CLANG_CXX_LIBRARY = "libc++";
				CLANG_ENABLE_MODULES = YES;
				CLANG_ENABLE_OBJC_ARC = YES;
				CLANG_ENABLE_OBJC_WEAK = YES;
				CLANG_WARN_BLOCK_CAPTURE_AUTORELEASING = YES;
				CLANG_WARN_BOOL_CONVERSION = YES;
				CLANG_WARN_COMMA = YES;
				CLANG_WARN_CONSTANT_CONVERSION = YES;
				CLANG_WARN_DEPRECATED_OBJC_IMPLEMENTATIONS = YES;
				CLANG_WARN_DIRECT_OBJC_ISA_USAGE = YES_ERROR;
				CLANG_WARN_DOCUMENTATION_COMMENTS = YES;
				CLANG_WARN_EMPTY_BODY = YES;
				CLANG_WARN_ENUM_CONVERSION = YES;
				CLANG_WARN_INFINITE_RECURSION = YES;
				CLANG_WARN_INT_CONVERSION = YES;
				CLANG_WARN_NON_LITERAL_NULL_CONVERSION = YES;
				CLANG_WARN_OBJC_IMPLICIT_RETAIN_SELF = YES;
				CLANG_WARN_OBJC_LITERAL_CONVERSION = YES;
				CLANG_WARN_OBJC_ROOT_CLASS = YES_ERROR;
				CLANG_WARN_RANGE_LOOP_ANALYSIS = YES;
				CLANG_WARN_STRICT_PROTOTYPES = YES;
				CLANG_WARN_SUSPICIOUS_MOVE = YES;
				CLANG_WARN_UNGUARDED_AVAILABILITY = YES_AGGRESSIVE;
				CLANG_WARN_UNREACHABLE_CODE = YES;
				CLANG_WARN__DUPLICATE_METHOD_MATCH = YES;
				CODE_SIGN_IDENTITY = "iPhone Developer";
				COPY_PHASE_STRIP = NO;
				DEBUG_INFORMATION_FORMAT = "dwarf-with-dsym";
				ENABLE_NS_ASSERTIONS = NO;
				ENABLE_STRICT_OBJC_MSGSEND = YES;
				GCC_C_LANGUAGE_STANDARD = gnu11;
				GCC_NO_COMMON_BLOCKS = YES;
				GCC_WARN_64_TO_32_BIT_CONVERSION = YES;
				GCC_WARN_ABOUT_RETURN_TYPE = YES_ERROR;
				GCC_WARN_UNDECLARED_SELECTOR = YES;
				GCC_WARN_UNINITIALIZED_AUTOS = YES_AGGRESSIVE;
				GCC_WARN_UNUSED_FUNCTION = YES;
				GCC_WARN_UNUSED_VARIABLE = YES;
				IPHONEOS_DEPLOYMENT_TARGET = 11.3;
				MTL_ENABLE_DEBUG_INFO = NO;
				SDKROOT = iphoneos;
				SWIFT_COMPILATION_MODE = wholemodule;
				SWIFT_OPTIMIZATION_LEVEL = "-O";
				VALIDATE_PRODUCT = YES;
			};
			name = Release;
		};
		43CB871B20AA556D00D63038 /* Debug */ = {
			isa = XCBuildConfiguration;
			buildSettings = {
				ASSETCATALOG_COMPILER_APPICON_NAME = AppIcon;
				CODE_SIGN_STYLE = Automatic;
				INFOPLIST_FILE = MapMe/Info.plist;
				LD_RUNPATH_SEARCH_PATHS = (
					"$(inherited)",
					"@executable_path/Frameworks",
				);
				PRODUCT_BUNDLE_IDENTIFIER = andrew.MapMe;
				PRODUCT_NAME = "$(TARGET_NAME)";
				SWIFT_VERSION = 4.0;
				TARGETED_DEVICE_FAMILY = "1,2";
			};
			name = Debug;
		};
		43CB871C20AA556D00D63038 /* Release */ = {
			isa = XCBuildConfiguration;
			buildSettings = {
				ASSETCATALOG_COMPILER_APPICON_NAME = AppIcon;
				CODE_SIGN_STYLE = Automatic;
				INFOPLIST_FILE = MapMe/Info.plist;
				LD_RUNPATH_SEARCH_PATHS = (
					"$(inherited)",
					"@executable_path/Frameworks",
				);
				PRODUCT_BUNDLE_IDENTIFIER = andrew.MapMe;
				PRODUCT_NAME = "$(TARGET_NAME)";
				SWIFT_VERSION = 4.0;
				TARGETED_DEVICE_FAMILY = "1,2";
			};
			name = Release;
		};
		43CB871E20AA556D00D63038 /* Debug */ = {
			isa = XCBuildConfiguration;
			buildSettings = {
				ALWAYS_EMBED_SWIFT_STANDARD_LIBRARIES = YES;
				BUNDLE_LOADER = "$(TEST_HOST)";
				CODE_SIGN_STYLE = Automatic;
				INFOPLIST_FILE = MapMeTests/Info.plist;
				LD_RUNPATH_SEARCH_PATHS = (
					"$(inherited)",
					"@executable_path/Frameworks",
					"@loader_path/Frameworks",
				);
				PRODUCT_BUNDLE_IDENTIFIER = andrew.MapMeTests;
				PRODUCT_NAME = "$(TARGET_NAME)";
				SWIFT_VERSION = 4.0;
				TARGETED_DEVICE_FAMILY = "1,2";
				TEST_HOST = "$(BUILT_PRODUCTS_DIR)/MapMe.app/MapMe";
			};
			name = Debug;
		};
		43CB871F20AA556D00D63038 /* Release */ = {
			isa = XCBuildConfiguration;
			buildSettings = {
				ALWAYS_EMBED_SWIFT_STANDARD_LIBRARIES = YES;
				BUNDLE_LOADER = "$(TEST_HOST)";
				CODE_SIGN_STYLE = Automatic;
				INFOPLIST_FILE = MapMeTests/Info.plist;
				LD_RUNPATH_SEARCH_PATHS = (
					"$(inherited)",
					"@executable_path/Frameworks",
					"@loader_path/Frameworks",
				);
				PRODUCT_BUNDLE_IDENTIFIER = andrew.MapMeTests;
				PRODUCT_NAME = "$(TARGET_NAME)";
				SWIFT_VERSION = 4.0;
				TARGETED_DEVICE_FAMILY = "1,2";
				TEST_HOST = "$(BUILT_PRODUCTS_DIR)/MapMe.app/MapMe";
			};
			name = Release;
		};
		43CB872120AA556D00D63038 /* Debug */ = {
			isa = XCBuildConfiguration;
			buildSettings = {
				ALWAYS_EMBED_SWIFT_STANDARD_LIBRARIES = YES;
				CODE_SIGN_STYLE = Automatic;
				INFOPLIST_FILE = MapMeUITests/Info.plist;
				LD_RUNPATH_SEARCH_PATHS = (
					"$(inherited)",
					"@executable_path/Frameworks",
					"@loader_path/Frameworks",
				);
				PRODUCT_BUNDLE_IDENTIFIER = andrew.MapMeUITests;
				PRODUCT_NAME = "$(TARGET_NAME)";
				SWIFT_VERSION = 4.0;
				TARGETED_DEVICE_FAMILY = "1,2";
				TEST_TARGET_NAME = MapMe;
			};
			name = Debug;
		};
		43CB872220AA556D00D63038 /* Release */ = {
			isa = XCBuildConfiguration;
			buildSettings = {
				ALWAYS_EMBED_SWIFT_STANDARD_LIBRARIES = YES;
				CODE_SIGN_STYLE = Automatic;
				INFOPLIST_FILE = MapMeUITests/Info.plist;
				LD_RUNPATH_SEARCH_PATHS = (
					"$(inherited)",
					"@executable_path/Frameworks",
					"@loader_path/Frameworks",
				);
				PRODUCT_BUNDLE_IDENTIFIER = andrew.MapMeUITests;
				PRODUCT_NAME = "$(TARGET_NAME)";
				SWIFT_VERSION = 4.0;
				TARGETED_DEVICE_FAMILY = "1,2";
				TEST_TARGET_NAME = MapMe;
			};
			name = Release;
		};
/* End XCBuildConfiguration section */

/* Begin XCConfigurationList section */
		43CB86ED20AA556A00D63038 /* Build configuration list for PBXProject "MapMe" */ = {
			isa = XCConfigurationList;
			buildConfigurations = (
				43CB871820AA556D00D63038 /* Debug */,
				43CB871920AA556D00D63038 /* Release */,
			);
			defaultConfigurationIsVisible = 0;
			defaultConfigurationName = Release;
		};
		43CB871A20AA556D00D63038 /* Build configuration list for PBXNativeTarget "MapMe" */ = {
			isa = XCConfigurationList;
			buildConfigurations = (
				43CB871B20AA556D00D63038 /* Debug */,
				43CB871C20AA556D00D63038 /* Release */,
			);
			defaultConfigurationIsVisible = 0;
			defaultConfigurationName = Release;
		};
		43CB871D20AA556D00D63038 /* Build configuration list for PBXNativeTarget "MapMeTests" */ = {
			isa = XCConfigurationList;
			buildConfigurations = (
				43CB871E20AA556D00D63038 /* Debug */,
				43CB871F20AA556D00D63038 /* Release */,
			);
			defaultConfigurationIsVisible = 0;
			defaultConfigurationName = Release;
		};
		43CB872020AA556D00D63038 /* Build configuration list for PBXNativeTarget "MapMeUITests" */ = {
			isa = XCConfigurationList;
			buildConfigurations = (
				43CB872120AA556D00D63038 /* Debug */,
				43CB872220AA556D00D63038 /* Release */,
			);
			defaultConfigurationIsVisible = 0;
			defaultConfigurationName = Release;
		};
/* End XCConfigurationList section */
	};
	rootObject = 43CB86EA20AA556A00D63038 /* Project object */;
}
